
Microsoft Visual Studio Solution File, Format Version 12.00
# Visual Studio Version 16
VisualStudioVersion = 16.0.29905.134
MinimumVisualStudioVersion = 10.0.40219.1
Project("{2150E333-8FDC-42A3-9474-1A3956D46DE8}") = "src", "src", "{2F9716F1-E71C-485B-95A5-68EB60EF2794}"
EndProject
Project("{9A19103F-16F7-4668-BE54-9A1E7A4F7556}") = "FinancialManagment.WebClient", "src\FinancialManagment.WebClient\FinancialManagment.WebClient.csproj", "{54E5AEB3-889D-48FD-80FE-7CA74393AE5B}"
EndProject
Project("{2150E333-8FDC-42A3-9474-1A3956D46DE8}") = "tests", "tests", "{C327FC5A-15CC-4014-8613-C1E053B339B2}"
EndProject
Global
	GlobalSection(SolutionConfigurationPlatforms) = preSolution
		Debug|Any CPU = Debug|Any CPU
		Release|Any CPU = Release|Any CPU
	EndGlobalSection
	GlobalSection(ProjectConfigurationPlatforms) = postSolution
		{54E5AEB3-889D-48FD-80FE-7CA74393AE5B}.Debug|Any CPU.ActiveCfg = Debug|Any CPU
		{54E5AEB3-889D-48FD-80FE-7CA74393AE5B}.Debug|Any CPU.Build.0 = Debug|Any CPU
		{54E5AEB3-889D-48FD-80FE-7CA74393AE5B}.Release|Any CPU.ActiveCfg = Release|Any CPU
		{54E5AEB3-889D-48FD-80FE-7CA74393AE5B}.Release|Any CPU.Build.0 = Release|Any CPU
	EndGlobalSection
	GlobalSection(SolutionProperties) = preSolution
		HideSolutionNode = FALSE
	EndGlobalSection
	GlobalSection(NestedProjects) = preSolution
		{54E5AEB3-889D-48FD-80FE-7CA74393AE5B} = {2F9716F1-E71C-485B-95A5-68EB60EF2794}
	EndGlobalSection
	GlobalSection(ExtensibilityGlobals) = postSolution
		SolutionGuid = {D6BC7679-3094-400E-ACDF-BBD46773D54F}
	EndGlobalSection
EndGlobal
